{
	"name": "@ui-grid/row-edit",
	"version": "4.8.2",
	"lockfileVersion": 1,
	"requires": true,
	"dependencies": {
		"@ui-grid/cell-nav": {
			"version": "4.8.2",
			"resolved": "https://registry.npmjs.org/@ui-grid/cell-nav/-/cell-nav-4.8.2.tgz",
			"integrity": "sha512-HLhtMgqKpYenbHOjUMRabHgS/ICDimPbhAcf2ee0E009HoquP62fVw6Oep8OIg/HgwC6IDEWXgiUZ0EXsP1C1Q==",
			"requires": {
				"@ui-grid/core": "^4.8.2",
				"angular": ">=1.4.0 1.7.x"
			},
			"dependencies": {
				"angular": {
					"version": "1.7.9",
					"resolved": "https://registry.npmjs.org/angular/-/angular-1.7.9.tgz",
					"integrity": "sha512-5se7ZpcOtu0MBFlzGv5dsM1quQDoDeUTwZrWjGtTNA7O88cD8TEk5IEKCTDa3uECV9XnvKREVUr7du1ACiWGFQ=="
				}
			}
		},
		"@ui-grid/core": {
			"version": "4.8.2",
			"resolved": "https://registry.npmjs.org/@ui-grid/core/-/core-4.8.2.tgz",
			"integrity": "sha512-ZYGMye2TeHi6vEoLSXcawJmv8oZks4YYmSJTj3zdF1cXZOORIAIxJFGaIe+KMA7lSrPCfwMdsBcaICDnNbPUoQ==",
			"requires": {
				"angular": ">=1.4.0 1.7.x"
			},
			"dependencies": {
				"angular": {
					"version": "1.7.9",
					"resolved": "https://registry.npmjs.org/angular/-/angular-1.7.9.tgz",
					"integrity": "sha512-5se7ZpcOtu0MBFlzGv5dsM1quQDoDeUTwZrWjGtTNA7O88cD8TEk5IEKCTDa3uECV9XnvKREVUr7du1ACiWGFQ=="
				}
			}
		},
		"@ui-grid/edit": {
			"version": "4.8.2",
			"resolved": "https://registry.npmjs.org/@ui-grid/edit/-/edit-4.8.2.tgz",
			"integrity": "sha512-GvghVpbsCoSa4rtB9UebIVHI46C1sB2+0+6wrzXjsoSqU/Ptv3yKykPLdaR6V1KP6YxKt6liKmtfVw6vq4rapQ==",
			"requires": {
				"@ui-grid/core": "^4.8.2",
				"angular": ">=1.4.0 1.7.x"
			},
			"dependencies": {
				"angular": {
					"version": "1.7.9",
					"resolved": "https://registry.npmjs.org/angular/-/angular-1.7.9.tgz",
					"integrity": "sha512-5se7ZpcOtu0MBFlzGv5dsM1quQDoDeUTwZrWjGtTNA7O88cD8TEk5IEKCTDa3uECV9XnvKREVUr7du1ACiWGFQ=="
				}
			}
		},
		"angular": {
			"version": "1.8.0",
			"resolved": "https://registry.npmjs.org/angular/-/angular-1.8.0.tgz",
			"integrity": "sha512-VdaMx+Qk0Skla7B5gw77a8hzlcOakwF8mjlW13DpIWIDlfqwAbSSLfd8N/qZnzEmQF4jC4iofInd3gE7vL8ZZg=="
		}
	}
}
