{
	"name": "@ui-grid/row-edit",
	"version": "4.11.0",
	"lockfileVersion": 1,
	"requires": true,
	"dependencies": {
		"angular": {
			"version": "1.8.0",
			"resolved": "https://registry.npmjs.org/angular/-/angular-1.8.0.tgz",
			"integrity": "sha512-VdaMx+Qk0Skla7B5gw77a8hzlcOakwF8mjlW13DpIWIDlfqwAbSSLfd8N/qZnzEmQF4jC4iofInd3gE7vL8ZZg=="
		}
	}
}
