{
	"name": "@ui-grid/grouping",
	"version": "4.8.3",
	"lockfileVersion": 1,
	"requires": true,
	"dependencies": {
		"@ui-grid/core": {
			"version": "4.8.2",
			"resolved": "https://registry.npmjs.org/@ui-grid/core/-/core-4.8.2.tgz",
			"integrity": "sha512-ZYGMye2TeHi6vEoLSXcawJmv8oZks4YYmSJTj3zdF1cXZOORIAIxJFGaIe+KMA7lSrPCfwMdsBcaICDnNbPUoQ==",
			"requires": {
				"angular": ">=1.4.0 1.7.x"
			},
			"dependencies": {
				"angular": {
					"version": "1.7.9",
					"resolved": "https://registry.npmjs.org/angular/-/angular-1.7.9.tgz",
					"integrity": "sha512-5se7ZpcOtu0MBFlzGv5dsM1quQDoDeUTwZrWjGtTNA7O88cD8TEk5IEKCTDa3uECV9XnvKREVUr7du1ACiWGFQ=="
				}
			}
		},
		"@ui-grid/tree-base": {
			"version": "4.8.3",
			"resolved": "https://registry.npmjs.org/@ui-grid/tree-base/-/tree-base-4.8.3.tgz",
			"integrity": "sha512-QGSECjTzc3avPyGHGpNxhrKik7W9La4IVh865S1jp7Iv3DBM+HQRcAABxt9y2KlSq2t8wx0e+WjTCquAf4SgDA==",
			"requires": {
				"@ui-grid/core": "^4.8.2",
				"angular": ">=1.4.0 1.7.x"
			},
			"dependencies": {
				"angular": {
					"version": "1.7.9",
					"resolved": "https://registry.npmjs.org/angular/-/angular-1.7.9.tgz",
					"integrity": "sha512-5se7ZpcOtu0MBFlzGv5dsM1quQDoDeUTwZrWjGtTNA7O88cD8TEk5IEKCTDa3uECV9XnvKREVUr7du1ACiWGFQ=="
				}
			}
		},
		"angular": {
			"version": "1.8.0",
			"resolved": "https://registry.npmjs.org/angular/-/angular-1.8.0.tgz",
			"integrity": "sha512-VdaMx+Qk0Skla7B5gw77a8hzlcOakwF8mjlW13DpIWIDlfqwAbSSLfd8N/qZnzEmQF4jC4iofInd3gE7vL8ZZg=="
		}
	}
}
