{
	"name": "@ui-grid/save-state",
	"version": "4.8.3",
	"lockfileVersion": 1,
	"requires": true,
	"dependencies": {
		"@ui-grid/cell-nav": {
			"version": "4.8.2",
			"resolved": "https://registry.npmjs.org/@ui-grid/cell-nav/-/cell-nav-4.8.2.tgz",
			"integrity": "sha512-HLhtMgqKpYenbHOjUMRabHgS/ICDimPbhAcf2ee0E009HoquP62fVw6Oep8OIg/HgwC6IDEWXgiUZ0EXsP1C1Q==",
			"requires": {
				"@ui-grid/core": "^4.8.2",
				"angular": ">=1.4.0 1.7.x"
			},
			"dependencies": {
				"angular": {
					"version": "1.7.9",
					"resolved": "https://registry.npmjs.org/angular/-/angular-1.7.9.tgz",
					"integrity": "sha512-5se7ZpcOtu0MBFlzGv5dsM1quQDoDeUTwZrWjGtTNA7O88cD8TEk5IEKCTDa3uECV9XnvKREVUr7du1ACiWGFQ=="
				}
			}
		},
		"@ui-grid/core": {
			"version": "4.8.2",
			"resolved": "https://registry.npmjs.org/@ui-grid/core/-/core-4.8.2.tgz",
			"integrity": "sha512-ZYGMye2TeHi6vEoLSXcawJmv8oZks4YYmSJTj3zdF1cXZOORIAIxJFGaIe+KMA7lSrPCfwMdsBcaICDnNbPUoQ==",
			"requires": {
				"angular": ">=1.4.0 1.7.x"
			},
			"dependencies": {
				"angular": {
					"version": "1.7.9",
					"resolved": "https://registry.npmjs.org/angular/-/angular-1.7.9.tgz",
					"integrity": "sha512-5se7ZpcOtu0MBFlzGv5dsM1quQDoDeUTwZrWjGtTNA7O88cD8TEk5IEKCTDa3uECV9XnvKREVUr7du1ACiWGFQ=="
				}
			}
		},
		"@ui-grid/grouping": {
			"version": "4.8.3",
			"resolved": "https://registry.npmjs.org/@ui-grid/grouping/-/grouping-4.8.3.tgz",
			"integrity": "sha512-btMO0ovX/qI+GqNfHXkmGJIKL9eQZD1W8SV5oMOqlLpw4W3+hmE0ZuTXP94iMbWuPqtk1J0bmy5gYUz/gEvnEg==",
			"requires": {
				"@ui-grid/core": "^4.8.2",
				"@ui-grid/tree-base": "^4.8.3",
				"angular": ">=1.4.0 1.7.x"
			},
			"dependencies": {
				"angular": {
					"version": "1.7.9",
					"resolved": "https://registry.npmjs.org/angular/-/angular-1.7.9.tgz",
					"integrity": "sha512-5se7ZpcOtu0MBFlzGv5dsM1quQDoDeUTwZrWjGtTNA7O88cD8TEk5IEKCTDa3uECV9XnvKREVUr7du1ACiWGFQ=="
				}
			}
		},
		"@ui-grid/selection": {
			"version": "4.8.3",
			"resolved": "https://registry.npmjs.org/@ui-grid/selection/-/selection-4.8.3.tgz",
			"integrity": "sha512-1kdJeHHTVkvrv2Ic3yCNTSKhY3oSCqxjel8lfB8Ps1GdJ4sy2dAX2kT8kBLw2H+hYZSiqkewk18H8LGS/Ku1VA==",
			"requires": {
				"@ui-grid/core": "^4.8.2",
				"angular": ">=1.4.0 1.7.x"
			},
			"dependencies": {
				"angular": {
					"version": "1.7.9",
					"resolved": "https://registry.npmjs.org/angular/-/angular-1.7.9.tgz",
					"integrity": "sha512-5se7ZpcOtu0MBFlzGv5dsM1quQDoDeUTwZrWjGtTNA7O88cD8TEk5IEKCTDa3uECV9XnvKREVUr7du1ACiWGFQ=="
				}
			}
		},
		"@ui-grid/tree-base": {
			"version": "4.8.3",
			"resolved": "https://registry.npmjs.org/@ui-grid/tree-base/-/tree-base-4.8.3.tgz",
			"integrity": "sha512-QGSECjTzc3avPyGHGpNxhrKik7W9La4IVh865S1jp7Iv3DBM+HQRcAABxt9y2KlSq2t8wx0e+WjTCquAf4SgDA==",
			"requires": {
				"@ui-grid/core": "^4.8.2",
				"angular": ">=1.4.0 1.7.x"
			},
			"dependencies": {
				"angular": {
					"version": "1.7.9",
					"resolved": "https://registry.npmjs.org/angular/-/angular-1.7.9.tgz",
					"integrity": "sha512-5se7ZpcOtu0MBFlzGv5dsM1quQDoDeUTwZrWjGtTNA7O88cD8TEk5IEKCTDa3uECV9XnvKREVUr7du1ACiWGFQ=="
				}
			}
		},
		"@ui-grid/tree-view": {
			"version": "4.8.3",
			"resolved": "https://registry.npmjs.org/@ui-grid/tree-view/-/tree-view-4.8.3.tgz",
			"integrity": "sha512-PLrM9B3zD5UNS7aFKpTBKpKjkkg881DOeM1V2OVSdMrlYackP/iHVUk00Cd2XQAnDGAsYriEgGS/Ke57Oo9mwQ==",
			"requires": {
				"@ui-grid/core": "^4.8.2",
				"@ui-grid/tree-base": "^4.8.3",
				"angular": ">=1.4.0 1.7.x"
			},
			"dependencies": {
				"angular": {
					"version": "1.7.9",
					"resolved": "https://registry.npmjs.org/angular/-/angular-1.7.9.tgz",
					"integrity": "sha512-5se7ZpcOtu0MBFlzGv5dsM1quQDoDeUTwZrWjGtTNA7O88cD8TEk5IEKCTDa3uECV9XnvKREVUr7du1ACiWGFQ=="
				}
			}
		},
		"angular": {
			"version": "1.8.0",
			"resolved": "https://registry.npmjs.org/angular/-/angular-1.8.0.tgz",
			"integrity": "sha512-VdaMx+Qk0Skla7B5gw77a8hzlcOakwF8mjlW13DpIWIDlfqwAbSSLfd8N/qZnzEmQF4jC4iofInd3gE7vL8ZZg=="
		}
	}
}
