{
	"name": "@ui-grid/exporter",
	"version": "4.8.3",
	"lockfileVersion": 1,
	"requires": true,
	"dependencies": {
		"@ui-grid/core": {
			"version": "4.8.2",
			"resolved": "https://registry.npmjs.org/@ui-grid/core/-/core-4.8.2.tgz",
			"integrity": "sha512-ZYGMye2TeHi6vEoLSXcawJmv8oZks4YYmSJTj3zdF1cXZOORIAIxJFGaIe+KMA7lSrPCfwMdsBcaICDnNbPUoQ==",
			"requires": {
				"angular": ">=1.4.0 1.7.x"
			}
		},
		"abbrev": {
			"version": "1.1.1",
			"resolved": "https://registry.npmjs.org/abbrev/-/abbrev-1.1.1.tgz",
			"integrity": "sha512-nne9/IiQ/hzIhY6pdDnbBtz7DjPTKrY00P/zvPSm5pOFkl6xuGrGnXn/VtTNNfNtAfZ9/1RtehkszU9qcTii0Q=="
		},
		"acorn": {
			"version": "5.7.3",
			"resolved": "https://registry.npmjs.org/acorn/-/acorn-5.7.3.tgz",
			"integrity": "sha512-T/zvzYRfbVojPWahDsE5evJdHb3oJoQfFbsrKM7w5Zcs++Tr257tia3BmMP8XYVjp1S9RZXQMh7gao96BlqZOw=="
		},
		"amdefine": {
			"version": "1.0.1",
			"resolved": "https://registry.npmjs.org/amdefine/-/amdefine-1.0.1.tgz",
			"integrity": "sha1-SlKCrBZHKek2Gbz9OtFR+BfOkfU=",
			"optional": true
		},
		"angular": {
			"version": "1.7.6",
			"resolved": "https://registry.npmjs.org/angular/-/angular-1.7.6.tgz",
			"integrity": "sha512-QELpvuMIe1FTGniAkRz93O6A+di0yu88niDwcdzrSqtUHNtZMgtgFS4f7W/6Gugbuwej8Kyswlmymwdp8iPCWg=="
		},
		"argparse": {
			"version": "0.1.16",
			"resolved": "https://registry.npmjs.org/argparse/-/argparse-0.1.16.tgz",
			"integrity": "sha1-z9AeD7uj1srtBJ+9dY1A9lGW9Xw=",
			"requires": {
				"underscore": "~1.7.0",
				"underscore.string": "~2.4.0"
			},
			"dependencies": {
				"underscore.string": {
					"version": "2.4.0",
					"resolved": "https://registry.npmjs.org/underscore.string/-/underscore.string-2.4.0.tgz",
					"integrity": "sha1-jN2PusTi0uoefi6Al8QvRCKA+Fs="
				}
			}
		},
		"ast-transform": {
			"version": "0.0.0",
			"resolved": "https://registry.npmjs.org/ast-transform/-/ast-transform-0.0.0.tgz",
			"integrity": "sha1-dJRAWIh9goPhidlUYAlHvJj+AGI=",
			"requires": {
				"escodegen": "~1.2.0",
				"esprima": "~1.0.4",
				"through": "~2.3.4"
			},
			"dependencies": {
				"escodegen": {
					"version": "1.2.0",
					"resolved": "https://registry.npmjs.org/escodegen/-/escodegen-1.2.0.tgz",
					"integrity": "sha1-Cd55Z3kcyVi3+Jot220jRRrzJ+E=",
					"requires": {
						"esprima": "~1.0.4",
						"estraverse": "~1.5.0",
						"esutils": "~1.0.0",
						"source-map": "~0.1.30"
					}
				},
				"estraverse": {
					"version": "1.5.1",
					"resolved": "https://registry.npmjs.org/estraverse/-/estraverse-1.5.1.tgz",
					"integrity": "sha1-hno+jlip+EYYr7bC3bzZFrfLr3E="
				},
				"esutils": {
					"version": "1.0.0",
					"resolved": "https://registry.npmjs.org/esutils/-/esutils-1.0.0.tgz",
					"integrity": "sha1-gVHTWOIMisx/t0XnRywAJf5JZXA="
				},
				"source-map": {
					"version": "0.1.43",
					"resolved": "https://registry.npmjs.org/source-map/-/source-map-0.1.43.tgz",
					"integrity": "sha1-wkvBRspRfBRx9drL4lcbK3+eM0Y=",
					"optional": true,
					"requires": {
						"amdefine": ">=0.0.4"
					}
				}
			}
		},
		"ast-types": {
			"version": "0.7.8",
			"resolved": "https://registry.npmjs.org/ast-types/-/ast-types-0.7.8.tgz",
			"integrity": "sha1-kC0uDWDQcb3NRtwRXhgJ7RHBOKk="
		},
		"async": {
			"version": "0.1.22",
			"resolved": "https://registry.npmjs.org/async/-/async-0.1.22.tgz",
			"integrity": "sha1-D8GqoIig4+8Ovi2IMbqw3PiEUGE="
		},
		"babel-runtime": {
			"version": "6.26.0",
			"resolved": "https://registry.npmjs.org/babel-runtime/-/babel-runtime-6.26.0.tgz",
			"integrity": "sha1-llxwWGaOgrVde/4E/yM3vItWR/4=",
			"requires": {
				"core-js": "^2.4.0",
				"regenerator-runtime": "^0.11.0"
			}
		},
		"base64-js": {
			"version": "0.0.8",
			"resolved": "https://registry.npmjs.org/base64-js/-/base64-js-0.0.8.tgz",
			"integrity": "sha1-EQHpVE9KdrG8OybUUsqW16NeeXg="
		},
		"brfs": {
			"version": "1.6.1",
			"resolved": "https://registry.npmjs.org/brfs/-/brfs-1.6.1.tgz",
			"integrity": "sha512-OfZpABRQQf+Xsmju8XE9bDjs+uU4vLREGolP7bDgcpsI17QREyZ4Bl+2KLxxx1kCgA0fAIhKQBaBYh+PEcCqYQ==",
			"requires": {
				"quote-stream": "^1.0.1",
				"resolve": "^1.1.5",
				"static-module": "^2.2.0",
				"through2": "^2.0.0"
			}
		},
		"brotli": {
			"version": "1.3.2",
			"resolved": "https://registry.npmjs.org/brotli/-/brotli-1.3.2.tgz",
			"integrity": "sha1-UlqcrU/LqWR119OI9q7LE+7VL0Y=",
			"requires": {
				"base64-js": "^1.1.2"
			},
			"dependencies": {
				"base64-js": {
					"version": "1.3.0",
					"resolved": "https://registry.npmjs.org/base64-js/-/base64-js-1.3.0.tgz",
					"integrity": "sha512-ccav/yGvoa80BQDljCxsmmQ3Xvx60/UpBIij5QN21W3wBi/hhIC9OoO+KLpu9IJTS9j4DRVJ3aDDF9cMSoa2lw=="
				}
			}
		},
		"browser-resolve": {
			"version": "1.11.3",
			"resolved": "https://registry.npmjs.org/browser-resolve/-/browser-resolve-1.11.3.tgz",
			"integrity": "sha512-exDi1BYWB/6raKHmDTCicQfTkqwN5fioMFV4j8BsfMU4R2DK/QfZfK7kOVkmWCNANf0snkBzqGqAJBao9gZMdQ==",
			"requires": {
				"resolve": "1.1.7"
			},
			"dependencies": {
				"resolve": {
					"version": "1.1.7",
					"resolved": "https://registry.npmjs.org/resolve/-/resolve-1.1.7.tgz",
					"integrity": "sha1-IDEU2CrSxe2ejgQRs5ModeiJ6Xs="
				}
			}
		},
		"browserify-optional": {
			"version": "1.0.1",
			"resolved": "https://registry.npmjs.org/browserify-optional/-/browserify-optional-1.0.1.tgz",
			"integrity": "sha1-HhNyLP3g2F8SFnbCpyztUzoBiGk=",
			"requires": {
				"ast-transform": "0.0.0",
				"ast-types": "^0.7.0",
				"browser-resolve": "^1.8.1"
			}
		},
		"buffer-equal": {
			"version": "0.0.1",
			"resolved": "https://registry.npmjs.org/buffer-equal/-/buffer-equal-0.0.1.tgz",
			"integrity": "sha1-kbx0sR6kBbyRa8aqkI+q+ltKrEs="
		},
		"buffer-from": {
			"version": "1.1.1",
			"resolved": "https://registry.npmjs.org/buffer-from/-/buffer-from-1.1.1.tgz",
			"integrity": "sha512-MQcXEUbCKtEo7bhqEs6560Hyd4XaovZlO/k9V3hjVUF/zwW7KBVdSK4gIt/bzwS9MbR5qob+F5jusZsb0YQK2A=="
		},
		"clone": {
			"version": "1.0.4",
			"resolved": "https://registry.npmjs.org/clone/-/clone-1.0.4.tgz",
			"integrity": "sha1-2jCcwmPfFZlMaIypAheco8fNfH4="
		},
		"coffee-script": {
			"version": "1.3.3",
			"resolved": "https://registry.npmjs.org/coffee-script/-/coffee-script-1.3.3.tgz",
			"integrity": "sha1-FQ1rTLUiiUNp7+1qIQHCC8f0pPQ="
		},
		"colors": {
			"version": "0.6.2",
			"resolved": "https://registry.npmjs.org/colors/-/colors-0.6.2.tgz",
			"integrity": "sha1-JCP+ZnisDF2uiFLl0OW+CMmXq8w="
		},
		"concat-stream": {
			"version": "1.6.2",
			"resolved": "https://registry.npmjs.org/concat-stream/-/concat-stream-1.6.2.tgz",
			"integrity": "sha512-27HBghJxjiZtIk3Ycvn/4kbJk/1uZuJFfuPEns6LaEvpvG1f0hTea8lilrouyo9mVc2GWdcEZ8OLoGmSADlrCw==",
			"requires": {
				"buffer-from": "^1.0.0",
				"inherits": "^2.0.3",
				"readable-stream": "^2.2.2",
				"typedarray": "^0.0.6"
			}
		},
		"convert-source-map": {
			"version": "1.6.0",
			"resolved": "https://registry.npmjs.org/convert-source-map/-/convert-source-map-1.6.0.tgz",
			"integrity": "sha512-eFu7XigvxdZ1ETfbgPBohgyQ/Z++C0eEhTor0qRwBw9unw+L0/6V8wkSuGgzdThkiS5lSpdptOQPD8Ak40a+7A==",
			"requires": {
				"safe-buffer": "~5.1.1"
			}
		},
		"core-js": {
			"version": "2.6.3",
			"resolved": "https://registry.npmjs.org/core-js/-/core-js-2.6.3.tgz",
			"integrity": "sha512-l00tmFFZOBHtYhN4Cz7k32VM7vTn3rE2ANjQDxdEN6zmXZ/xq1jQuutnmHvMG1ZJ7xd72+TA5YpUK8wz3rWsfQ=="
		},
		"core-util-is": {
			"version": "1.0.2",
			"resolved": "https://registry.npmjs.org/core-util-is/-/core-util-is-1.0.2.tgz",
			"integrity": "sha1-tf1UIgqivFq1eqtxQMlAdUUDwac="
		},
		"csv-js": {
			"version": "1.0.0",
			"resolved": "https://registry.npmjs.org/csv-js/-/csv-js-1.0.0.tgz",
			"integrity": "sha1-uq0z4qQmfLO6942meq7zmNUmOek="
		},
		"dateformat": {
			"version": "1.0.2-1.2.3",
			"resolved": "https://registry.npmjs.org/dateformat/-/dateformat-1.0.2-1.2.3.tgz",
			"integrity": "sha1-sCIMAt6YYXQztyhRz0fePfLNvuk="
		},
		"debug": {
			"version": "0.7.4",
			"resolved": "https://registry.npmjs.org/debug/-/debug-0.7.4.tgz",
			"integrity": "sha1-BuHqgILCyxTjmAbiLi9vdX+Srzk="
		},
		"deep-equal": {
			"version": "1.0.1",
			"resolved": "https://registry.npmjs.org/deep-equal/-/deep-equal-1.0.1.tgz",
			"integrity": "sha1-9dJgKStmDghO/0zbyfCK0yR0SLU="
		},
		"deep-is": {
			"version": "0.1.3",
			"resolved": "https://registry.npmjs.org/deep-is/-/deep-is-0.1.3.tgz",
			"integrity": "sha1-s2nW+128E+7PUk+RsHD+7cNXzzQ="
		},
		"dfa": {
			"version": "1.1.0",
			"resolved": "https://registry.npmjs.org/dfa/-/dfa-1.1.0.tgz",
			"integrity": "sha1-0wIYvRDQMPpCHfPrvIIoVGOjF4E=",
			"requires": {
				"babel-runtime": "^6.11.6"
			}
		},
		"duplexer2": {
			"version": "0.1.4",
			"resolved": "https://registry.npmjs.org/duplexer2/-/duplexer2-0.1.4.tgz",
			"integrity": "sha1-ixLauHjA1p4+eJEFFmKjL8a93ME=",
			"requires": {
				"readable-stream": "^2.0.2"
			}
		},
		"escodegen": {
			"version": "1.9.1",
			"resolved": "https://registry.npmjs.org/escodegen/-/escodegen-1.9.1.tgz",
			"integrity": "sha512-6hTjO1NAWkHnDk3OqQ4YrCuwwmGHL9S3nPlzBOUG/R44rda3wLNrfvQ5fkSGjyhHFKM7ALPKcKGrwvCLe0lC7Q==",
			"requires": {
				"esprima": "^3.1.3",
				"estraverse": "^4.2.0",
				"esutils": "^2.0.2",
				"optionator": "^0.8.1",
				"source-map": "~0.6.1"
			},
			"dependencies": {
				"esprima": {
					"version": "3.1.3",
					"resolved": "https://registry.npmjs.org/esprima/-/esprima-3.1.3.tgz",
					"integrity": "sha1-/cpRzuYTOJXjyI1TXOSdv/YqRjM="
				}
			}
		},
		"esprima": {
			"version": "1.0.4",
			"resolved": "https://registry.npmjs.org/esprima/-/esprima-1.0.4.tgz",
			"integrity": "sha1-n1V+CPw7TSbs6d00+Pv0drYlha0="
		},
		"estraverse": {
			"version": "4.2.0",
			"resolved": "https://registry.npmjs.org/estraverse/-/estraverse-4.2.0.tgz",
			"integrity": "sha1-De4/7TH81GlhjOc0IJn8GvoL2xM="
		},
		"esutils": {
			"version": "2.0.2",
			"resolved": "https://registry.npmjs.org/esutils/-/esutils-2.0.2.tgz",
			"integrity": "sha1-Cr9PHKpbyx96nYrMbepPqqBLrJs="
		},
		"eventemitter2": {
			"version": "0.4.14",
			"resolved": "https://registry.npmjs.org/eventemitter2/-/eventemitter2-0.4.14.tgz",
			"integrity": "sha1-j2G3XN4BKy6esoTUVFWDtWQ7Yas="
		},
		"excel-builder": {
			"version": "2.0.3",
			"resolved": "https://registry.npmjs.org/excel-builder/-/excel-builder-2.0.3.tgz",
			"integrity": "sha1-/5ak1VteFgbQvYcD351ZEcFxonE=",
			"requires": {
				"grunt": "^0.4.5",
				"grunt-contrib-watch": "^0.6.1",
				"jszip": "^2.1.1",
				"lodash": "^3.10.1",
				"node-forge": "0.6.39",
				"q": "^1.4.1"
			},
			"dependencies": {
				"lodash": {
					"version": "3.10.1",
					"resolved": "https://registry.npmjs.org/lodash/-/lodash-3.10.1.tgz",
					"integrity": "sha1-W/Rejkm6QYnhfUgnid/RW9FAt7Y="
				}
			}
		},
		"exit": {
			"version": "0.1.2",
			"resolved": "https://registry.npmjs.org/exit/-/exit-0.1.2.tgz",
			"integrity": "sha1-BjJjj42HfMghB9MKD/8aF8uhzQw="
		},
		"falafel": {
			"version": "2.1.0",
			"resolved": "https://registry.npmjs.org/falafel/-/falafel-2.1.0.tgz",
			"integrity": "sha1-lrsXdh2rqU9G0AFzizzt86Z/4Gw=",
			"requires": {
				"acorn": "^5.0.0",
				"foreach": "^2.0.5",
				"isarray": "0.0.1",
				"object-keys": "^1.0.6"
			},
			"dependencies": {
				"isarray": {
					"version": "0.0.1",
					"resolved": "https://registry.npmjs.org/isarray/-/isarray-0.0.1.tgz",
					"integrity": "sha1-ihis/Kmo9Bd+Cav8YDiTmwXR7t8="
				}
			}
		},
		"fast-levenshtein": {
			"version": "2.0.6",
			"resolved": "https://registry.npmjs.org/fast-levenshtein/-/fast-levenshtein-2.0.6.tgz",
			"integrity": "sha1-PYpcZog6FqMMqGQ+hR8Zuqd5eRc="
		},
		"faye-websocket": {
			"version": "0.4.4",
			"resolved": "https://registry.npmjs.org/faye-websocket/-/faye-websocket-0.4.4.tgz",
			"integrity": "sha1-wUxbO/FNdBf/v9mQwKdJXNnzN7w="
		},
		"findup-sync": {
			"version": "0.1.3",
			"resolved": "https://registry.npmjs.org/findup-sync/-/findup-sync-0.1.3.tgz",
			"integrity": "sha1-fz56l7gjksZTvwZYm9hRkOk8NoM=",
			"requires": {
				"glob": "~3.2.9",
				"lodash": "~2.4.1"
			},
			"dependencies": {
				"glob": {
					"version": "3.2.11",
					"resolved": "https://registry.npmjs.org/glob/-/glob-3.2.11.tgz",
					"integrity": "sha1-Spc/Y1uRkPcV0QmH1cAP0oFevj0=",
					"requires": {
						"inherits": "2",
						"minimatch": "0.3"
					}
				},
				"minimatch": {
					"version": "0.3.0",
					"resolved": "https://registry.npmjs.org/minimatch/-/minimatch-0.3.0.tgz",
					"integrity": "sha1-J12O2qxPG7MyZHIInnlJyDlGmd0=",
					"requires": {
						"lru-cache": "2",
						"sigmund": "~1.0.0"
					}
				}
			}
		},
		"fontkit": {
			"version": "1.7.8",
			"resolved": "https://registry.npmjs.org/fontkit/-/fontkit-1.7.8.tgz",
			"integrity": "sha512-4bo/Sp+Ob/cE5f2aCre/N42mHe6hcIWUYmTRgEqLmJyPRX0m0KBl1jflMM70Vh7qZRoh97BcS3JQGrRvK1Ga7Q==",
			"requires": {
				"babel-runtime": "^6.11.6",
				"brfs": "^1.4.0",
				"brotli": "^1.2.0",
				"browserify-optional": "^1.0.0",
				"clone": "^1.0.1",
				"deep-equal": "^1.0.0",
				"dfa": "^1.0.0",
				"restructure": "^0.5.3",
				"tiny-inflate": "^1.0.2",
				"unicode-properties": "^1.0.0",
				"unicode-trie": "^0.3.0"
			}
		},
		"foreach": {
			"version": "2.0.5",
			"resolved": "https://registry.npmjs.org/foreach/-/foreach-2.0.5.tgz",
			"integrity": "sha1-C+4AUBiusmDQo6865ljdATbsG5k="
		},
		"function-bind": {
			"version": "1.1.1",
			"resolved": "https://registry.npmjs.org/function-bind/-/function-bind-1.1.1.tgz",
			"integrity": "sha512-yIovAzMX49sF8Yl58fSCWJ5svSLuaibPxXQJFLmBObTuCr0Mf1KiPopGM9NiFjiYBCbfaa2Fh6breQ6ANVTI0A=="
		},
		"gaze": {
			"version": "0.5.2",
			"resolved": "https://registry.npmjs.org/gaze/-/gaze-0.5.2.tgz",
			"integrity": "sha1-QLcJU30k0dRXZ9takIaJ3+aaxE8=",
			"requires": {
				"globule": "~0.1.0"
			}
		},
		"getobject": {
			"version": "0.1.0",
			"resolved": "https://registry.npmjs.org/getobject/-/getobject-0.1.0.tgz",
			"integrity": "sha1-BHpEl4n6Fg0Bj1SG7ZEyC27HiFw="
		},
		"glob": {
			"version": "3.1.21",
			"resolved": "https://registry.npmjs.org/glob/-/glob-3.1.21.tgz",
			"integrity": "sha1-0p4KBV3qUTj00H7UDomC6DwgZs0=",
			"requires": {
				"graceful-fs": "~1.2.0",
				"inherits": "1",
				"minimatch": "~0.2.11"
			},
			"dependencies": {
				"inherits": {
					"version": "1.0.2",
					"resolved": "https://registry.npmjs.org/inherits/-/inherits-1.0.2.tgz",
					"integrity": "sha1-ykMJ2t7mtUzAuNJH6NfHoJdb3Js="
				}
			}
		},
		"globule": {
			"version": "0.1.0",
			"resolved": "https://registry.npmjs.org/globule/-/globule-0.1.0.tgz",
			"integrity": "sha1-2cjt3h2nnRJaFRt5UzuXhnY0auU=",
			"requires": {
				"glob": "~3.1.21",
				"lodash": "~1.0.1",
				"minimatch": "~0.2.11"
			},
			"dependencies": {
				"lodash": {
					"version": "1.0.2",
					"resolved": "https://registry.npmjs.org/lodash/-/lodash-1.0.2.tgz",
					"integrity": "sha1-j1dWDIO1n8JwvT1WG2kAQ0MOJVE="
				}
			}
		},
		"graceful-fs": {
			"version": "1.2.3",
			"resolved": "https://registry.npmjs.org/graceful-fs/-/graceful-fs-1.2.3.tgz",
			"integrity": "sha1-FaSAaldUfLLS2/J/QuiajDRRs2Q="
		},
		"grunt": {
			"version": "0.4.5",
			"resolved": "https://registry.npmjs.org/grunt/-/grunt-0.4.5.tgz",
			"integrity": "sha1-VpN81RlDJK3/bSB2MYMqnWuk5/A=",
			"requires": {
				"async": "~0.1.22",
				"coffee-script": "~1.3.3",
				"colors": "~0.6.2",
				"dateformat": "1.0.2-1.2.3",
				"eventemitter2": "~0.4.13",
				"exit": "~0.1.1",
				"findup-sync": "~0.1.2",
				"getobject": "~0.1.0",
				"glob": "~3.1.21",
				"grunt-legacy-log": "~0.1.0",
				"grunt-legacy-util": "~0.2.0",
				"hooker": "~0.2.3",
				"iconv-lite": "~0.2.11",
				"js-yaml": "~2.0.5",
				"lodash": "~0.9.2",
				"minimatch": "~0.2.12",
				"nopt": "~1.0.10",
				"rimraf": "~2.2.8",
				"underscore.string": "~2.2.1",
				"which": "~1.0.5"
			},
			"dependencies": {
				"lodash": {
					"version": "0.9.2",
					"resolved": "https://registry.npmjs.org/lodash/-/lodash-0.9.2.tgz",
					"integrity": "sha1-jzSZxSRdNG1oLlsNO0B2fgnxqSw="
				}
			}
		},
		"grunt-contrib-watch": {
			"version": "0.6.1",
			"resolved": "https://registry.npmjs.org/grunt-contrib-watch/-/grunt-contrib-watch-0.6.1.tgz",
			"integrity": "sha1-ZP3LolpjX1tNobbOb5DaCutuPxU=",
			"requires": {
				"async": "~0.2.9",
				"gaze": "~0.5.1",
				"lodash": "~2.4.1",
				"tiny-lr-fork": "0.0.5"
			},
			"dependencies": {
				"async": {
					"version": "0.2.10",
					"resolved": "https://registry.npmjs.org/async/-/async-0.2.10.tgz",
					"integrity": "sha1-trvgsGdLnXGXCMo43owjfLUmw9E="
				}
			}
		},
		"grunt-legacy-log": {
			"version": "0.1.3",
			"resolved": "https://registry.npmjs.org/grunt-legacy-log/-/grunt-legacy-log-0.1.3.tgz",
			"integrity": "sha1-7ClCboAwIa9ZAp+H0vnNczWgVTE=",
			"requires": {
				"colors": "~0.6.2",
				"grunt-legacy-log-utils": "~0.1.1",
				"hooker": "~0.2.3",
				"lodash": "~2.4.1",
				"underscore.string": "~2.3.3"
			},
			"dependencies": {
				"underscore.string": {
					"version": "2.3.3",
					"resolved": "https://registry.npmjs.org/underscore.string/-/underscore.string-2.3.3.tgz",
					"integrity": "sha1-ccCL9rQosRM/N+ePo6Icgvcymw0="
				}
			}
		},
		"grunt-legacy-log-utils": {
			"version": "0.1.1",
			"resolved": "https://registry.npmjs.org/grunt-legacy-log-utils/-/grunt-legacy-log-utils-0.1.1.tgz",
			"integrity": "sha1-wHBrndkGThFvNvI/5OawSGcsD34=",
			"requires": {
				"colors": "~0.6.2",
				"lodash": "~2.4.1",
				"underscore.string": "~2.3.3"
			},
			"dependencies": {
				"underscore.string": {
					"version": "2.3.3",
					"resolved": "https://registry.npmjs.org/underscore.string/-/underscore.string-2.3.3.tgz",
					"integrity": "sha1-ccCL9rQosRM/N+ePo6Icgvcymw0="
				}
			}
		},
		"grunt-legacy-util": {
			"version": "0.2.0",
			"resolved": "https://registry.npmjs.org/grunt-legacy-util/-/grunt-legacy-util-0.2.0.tgz",
			"integrity": "sha1-kzJIhNv343qf98Am3/RR2UqeVUs=",
			"requires": {
				"async": "~0.1.22",
				"exit": "~0.1.1",
				"getobject": "~0.1.0",
				"hooker": "~0.2.3",
				"lodash": "~0.9.2",
				"underscore.string": "~2.2.1",
				"which": "~1.0.5"
			},
			"dependencies": {
				"lodash": {
					"version": "0.9.2",
					"resolved": "https://registry.npmjs.org/lodash/-/lodash-0.9.2.tgz",
					"integrity": "sha1-jzSZxSRdNG1oLlsNO0B2fgnxqSw="
				}
			}
		},
		"has": {
			"version": "1.0.3",
			"resolved": "https://registry.npmjs.org/has/-/has-1.0.3.tgz",
			"integrity": "sha512-f2dvO0VU6Oej7RkWJGrehjbzMAjFp5/VKPp5tTpWIV4JHHZK1/BxbFRtf/siA2SWTe09caDmVtYYzWEIbBS4zw==",
			"requires": {
				"function-bind": "^1.1.1"
			}
		},
		"hooker": {
			"version": "0.2.3",
			"resolved": "https://registry.npmjs.org/hooker/-/hooker-0.2.3.tgz",
			"integrity": "sha1-uDT3I8xKJCqmWWNFnfbZhMXT2Vk="
		},
		"iconv-lite": {
			"version": "0.2.11",
			"resolved": "https://registry.npmjs.org/iconv-lite/-/iconv-lite-0.2.11.tgz",
			"integrity": "sha1-HOYKOleGSiktEyH/RgnKS7llrcg="
		},
		"inherits": {
			"version": "2.0.3",
			"resolved": "https://registry.npmjs.org/inherits/-/inherits-2.0.3.tgz",
			"integrity": "sha1-Yzwsg+PaQqUC9SRmAiSA9CCCYd4="
		},
		"isarray": {
			"version": "1.0.0",
			"resolved": "https://registry.npmjs.org/isarray/-/isarray-1.0.0.tgz",
			"integrity": "sha1-u5NdSFgsuhaMBoNJV6VKPgcSTxE="
		},
		"js-yaml": {
			"version": "2.0.5",
			"resolved": "https://registry.npmjs.org/js-yaml/-/js-yaml-2.0.5.tgz",
			"integrity": "sha1-olrmUJmZ6X3yeMZxnaEb0Gh3Q6g=",
			"requires": {
				"argparse": "~ 0.1.11",
				"esprima": "~ 1.0.2"
			}
		},
		"jszip": {
			"version": "2.6.1",
			"resolved": "https://registry.npmjs.org/jszip/-/jszip-2.6.1.tgz",
			"integrity": "sha1-uI86ey5noqBIFSmCx6N1bZxIKPA=",
			"requires": {
				"pako": "~1.0.2"
			}
		},
		"levn": {
			"version": "0.3.0",
			"resolved": "https://registry.npmjs.org/levn/-/levn-0.3.0.tgz",
			"integrity": "sha1-OwmSTt+fCDwEkP3UwLxEIeBHZO4=",
			"requires": {
				"prelude-ls": "~1.1.2",
				"type-check": "~0.3.2"
			}
		},
		"linebreak": {
			"version": "0.3.0",
			"resolved": "https://registry.npmjs.org/linebreak/-/linebreak-0.3.0.tgz",
			"integrity": "sha1-BSZICmLAW9Z58+nZmDDgnGp9DtY=",
			"requires": {
				"base64-js": "0.0.8",
				"brfs": "^1.3.0",
				"unicode-trie": "^0.3.0"
			}
		},
		"lodash": {
			"version": "2.4.2",
			"resolved": "https://registry.npmjs.org/lodash/-/lodash-2.4.2.tgz",
			"integrity": "sha1-+t2DS5aDBz2hebPq5tnA0VBT9z4="
		},
		"lru-cache": {
			"version": "2.7.3",
			"resolved": "https://registry.npmjs.org/lru-cache/-/lru-cache-2.7.3.tgz",
			"integrity": "sha1-bUUk6LlV+V1PW1iFHOId1y+06VI="
		},
		"magic-string": {
			"version": "0.22.5",
			"resolved": "https://registry.npmjs.org/magic-string/-/magic-string-0.22.5.tgz",
			"integrity": "sha512-oreip9rJZkzvA8Qzk9HFs8fZGF/u7H/gtrE8EN6RjKJ9kh2HlC+yQ2QezifqTZfGyiuAV0dRv5a+y/8gBb1m9w==",
			"requires": {
				"vlq": "^0.2.2"
			}
		},
		"merge-source-map": {
			"version": "1.0.4",
			"resolved": "https://registry.npmjs.org/merge-source-map/-/merge-source-map-1.0.4.tgz",
			"integrity": "sha1-pd5GU42uhNQRTMXqArR3KmNGcB8=",
			"requires": {
				"source-map": "^0.5.6"
			},
			"dependencies": {
				"source-map": {
					"version": "0.5.7",
					"resolved": "https://registry.npmjs.org/source-map/-/source-map-0.5.7.tgz",
					"integrity": "sha1-igOdLRAh0i0eoUyA2OpGi6LvP8w="
				}
			}
		},
		"minimatch": {
			"version": "0.2.14",
			"resolved": "https://registry.npmjs.org/minimatch/-/minimatch-0.2.14.tgz",
			"integrity": "sha1-x054BXT2PG+aCQ6Q775u9TpqdWo=",
			"requires": {
				"lru-cache": "2",
				"sigmund": "~1.0.0"
			}
		},
		"minimist": {
			"version": "1.2.0",
			"resolved": "https://registry.npmjs.org/minimist/-/minimist-1.2.0.tgz",
			"integrity": "sha1-o1AIsg9BOD7sH7kU9M1d95omQoQ="
		},
		"node-forge": {
			"version": "0.6.39",
			"resolved": "https://registry.npmjs.org/node-forge/-/node-forge-0.6.39.tgz",
			"integrity": "sha1-IYTonbqbRLOqVM1L8eczTyR8+c4=",
			"optional": true
		},
		"nopt": {
			"version": "1.0.10",
			"resolved": "https://registry.npmjs.org/nopt/-/nopt-1.0.10.tgz",
			"integrity": "sha1-bd0hvSoxQXuScn3Vhfim83YI6+4=",
			"requires": {
				"abbrev": "1"
			}
		},
		"noptify": {
			"version": "0.0.3",
			"resolved": "https://registry.npmjs.org/noptify/-/noptify-0.0.3.tgz",
			"integrity": "sha1-WPZUpz2XU98MUdlobckhBKZ/S7s=",
			"requires": {
				"nopt": "~2.0.0"
			},
			"dependencies": {
				"nopt": {
					"version": "2.0.0",
					"resolved": "https://registry.npmjs.org/nopt/-/nopt-2.0.0.tgz",
					"integrity": "sha1-ynQW8gpeP5w7hhgPlilfo9C1Lg0=",
					"requires": {
						"abbrev": "1"
					}
				}
			}
		},
		"object-inspect": {
			"version": "1.4.1",
			"resolved": "https://registry.npmjs.org/object-inspect/-/object-inspect-1.4.1.tgz",
			"integrity": "sha512-wqdhLpfCUbEsoEwl3FXwGyv8ief1k/1aUdIPCqVnupM6e8l63BEJdiF/0swtn04/8p05tG/T0FrpTlfwvljOdw=="
		},
		"object-keys": {
			"version": "1.0.12",
			"resolved": "https://registry.npmjs.org/object-keys/-/object-keys-1.0.12.tgz",
			"integrity": "sha512-FTMyFUm2wBcGHnH2eXmz7tC6IwlqQZ6mVZ+6dm6vZ4IQIHjs6FdNsQBuKGPuUUUY6NfJw2PshC08Tn6LzLDOag=="
		},
		"optionator": {
			"version": "0.8.2",
			"resolved": "https://registry.npmjs.org/optionator/-/optionator-0.8.2.tgz",
			"integrity": "sha1-NkxeQJ0/TWMB1sC0wFu6UBgK62Q=",
			"requires": {
				"deep-is": "~0.1.3",
				"fast-levenshtein": "~2.0.4",
				"levn": "~0.3.0",
				"prelude-ls": "~1.1.2",
				"type-check": "~0.3.2",
				"wordwrap": "~1.0.0"
			}
		},
		"pako": {
			"version": "1.0.8",
			"resolved": "https://registry.npmjs.org/pako/-/pako-1.0.8.tgz",
			"integrity": "sha512-6i0HVbUfcKaTv+EG8ZTr75az7GFXcLYk9UyLEg7Notv/Ma+z/UG3TCoz6GiNeOrn1E/e63I0X/Hpw18jHOTUnA=="
		},
		"path-parse": {
			"version": "1.0.6",
			"resolved": "https://registry.npmjs.org/path-parse/-/path-parse-1.0.6.tgz",
			"integrity": "sha512-GSmOT2EbHrINBf9SR7CDELwlJ8AENk3Qn7OikK4nFYAu3Ote2+JYNVvkpAEQm3/TLNEJFD/xZJjzyxg3KBWOzw=="
		},
		"pdfkit": {
			"version": "0.8.3",
			"resolved": "https://registry.npmjs.org/pdfkit/-/pdfkit-0.8.3.tgz",
			"integrity": "sha1-7Jmlf8Vcowlyb4VkVtoUQY9TMOM=",
			"requires": {
				"fontkit": "^1.0.0",
				"linebreak": "^0.3.0",
				"png-js": ">=0.1.0"
			}
		},
		"pdfmake": {
			"version": "0.1.41",
			"resolved": "https://registry.npmjs.org/pdfmake/-/pdfmake-0.1.41.tgz",
			"integrity": "sha512-xhPzevnKSF2zZqkmkhHcYeYm9018Jn8BixtWDdfsDkfQzBV4q2S0H0XV1INtovg9+FNzHqvnYYJu2Eu+K4CcnA==",
			"requires": {
				"iconv-lite": "^0.4.24",
				"linebreak": "^0.3.0",
				"pdfkit": "^0.8.3"
			},
			"dependencies": {
				"iconv-lite": {
					"version": "0.4.24",
					"resolved": "https://registry.npmjs.org/iconv-lite/-/iconv-lite-0.4.24.tgz",
					"integrity": "sha512-v3MXnZAcvnywkTUEZomIActle7RXXeedOR31wwl7VlyoXO4Qi9arvSenNQWne1TcRwhCL1HwLI21bEqdpj8/rA==",
					"requires": {
						"safer-buffer": ">= 2.1.2 < 3"
					}
				}
			}
		},
		"png-js": {
			"version": "0.1.1",
			"resolved": "https://registry.npmjs.org/png-js/-/png-js-0.1.1.tgz",
			"integrity": "sha1-HMfCEjA6yr50Jj7DrHgAlYAkLZM="
		},
		"prelude-ls": {
			"version": "1.1.2",
			"resolved": "https://registry.npmjs.org/prelude-ls/-/prelude-ls-1.1.2.tgz",
			"integrity": "sha1-IZMqVJ9eUv/ZqCf1cOBL5iqX2lQ="
		},
		"process-nextick-args": {
			"version": "2.0.0",
			"resolved": "https://registry.npmjs.org/process-nextick-args/-/process-nextick-args-2.0.0.tgz",
			"integrity": "sha512-MtEC1TqN0EU5nephaJ4rAtThHtC86dNN9qCuEhtshvpVBkAW5ZO7BASN9REnF9eoXGcRub+pFuKEpOHE+HbEMw=="
		},
		"q": {
			"version": "1.5.1",
			"resolved": "https://registry.npmjs.org/q/-/q-1.5.1.tgz",
			"integrity": "sha1-fjL3W0E4EpHQRhHxvxQQmsAGUdc="
		},
		"qs": {
			"version": "0.5.6",
			"resolved": "https://registry.npmjs.org/qs/-/qs-0.5.6.tgz",
			"integrity": "sha1-MbGtBYVnZRxSaSFQa5qHk5EaA4Q="
		},
		"quote-stream": {
			"version": "1.0.2",
			"resolved": "https://registry.npmjs.org/quote-stream/-/quote-stream-1.0.2.tgz",
			"integrity": "sha1-hJY/jJwmuULhU/7rU6rnRlK34LI=",
			"requires": {
				"buffer-equal": "0.0.1",
				"minimist": "^1.1.3",
				"through2": "^2.0.0"
			}
		},
		"readable-stream": {
			"version": "2.3.6",
			"resolved": "https://registry.npmjs.org/readable-stream/-/readable-stream-2.3.6.tgz",
			"integrity": "sha512-tQtKA9WIAhBF3+VLAseyMqZeBjW0AHJoxOtYqSUZNJxauErmLbVm2FW1y+J/YA9dUrAC39ITejlZWhVIwawkKw==",
			"requires": {
				"core-util-is": "~1.0.0",
				"inherits": "~2.0.3",
				"isarray": "~1.0.0",
				"process-nextick-args": "~2.0.0",
				"safe-buffer": "~5.1.1",
				"string_decoder": "~1.1.1",
				"util-deprecate": "~1.0.1"
			}
		},
		"regenerator-runtime": {
			"version": "0.11.1",
			"resolved": "https://registry.npmjs.org/regenerator-runtime/-/regenerator-runtime-0.11.1.tgz",
			"integrity": "sha512-MguG95oij0fC3QV3URf4V2SDYGJhJnJGqvIIgdECeODCT98wSWDAJ94SSuVpYQUoTcGUIL6L4yNB7j1DFFHSBg=="
		},
		"resolve": {
			"version": "1.10.0",
			"resolved": "https://registry.npmjs.org/resolve/-/resolve-1.10.0.tgz",
			"integrity": "sha512-3sUr9aq5OfSg2S9pNtPA9hL1FVEAjvfOC4leW0SNf/mpnaakz2a9femSd6LqAww2RaFctwyf1lCqnTHuF1rxDg==",
			"requires": {
				"path-parse": "^1.0.6"
			}
		},
		"restructure": {
			"version": "0.5.4",
			"resolved": "https://registry.npmjs.org/restructure/-/restructure-0.5.4.tgz",
			"integrity": "sha1-9U591WNZD7NP1r9Vh2EJrsyyjeg=",
			"requires": {
				"browserify-optional": "^1.0.0"
			}
		},
		"rimraf": {
			"version": "2.2.8",
			"resolved": "https://registry.npmjs.org/rimraf/-/rimraf-2.2.8.tgz",
			"integrity": "sha1-5Dm+Kq7jJzIZUnMPmaiSnk/FBYI="
		},
		"safe-buffer": {
			"version": "5.1.2",
			"resolved": "https://registry.npmjs.org/safe-buffer/-/safe-buffer-5.1.2.tgz",
			"integrity": "sha512-Gd2UZBJDkXlY7GbJxfsE8/nvKkUEU1G38c1siN6QP6a9PT9MmHB8GnpscSmMJSoF8LOIrt8ud/wPtojys4G6+g=="
		},
		"safer-buffer": {
			"version": "2.1.2",
			"resolved": "https://registry.npmjs.org/safer-buffer/-/safer-buffer-2.1.2.tgz",
			"integrity": "sha512-YZo3K82SD7Riyi0E1EQPojLz7kpepnSQI9IyPbHHg1XXXevb5dJI7tpyN2ADxGcQbHG7vcyRHk0cbwqcQriUtg=="
		},
		"shallow-copy": {
			"version": "0.0.1",
			"resolved": "https://registry.npmjs.org/shallow-copy/-/shallow-copy-0.0.1.tgz",
			"integrity": "sha1-QV9CcC1z2BAzApLMXuhurhoRoXA="
		},
		"sigmund": {
			"version": "1.0.1",
			"resolved": "https://registry.npmjs.org/sigmund/-/sigmund-1.0.1.tgz",
			"integrity": "sha1-P/IfGYytIXX587eBhT/ZTQ0ZtZA="
		},
		"source-map": {
			"version": "0.6.1",
			"resolved": "https://registry.npmjs.org/source-map/-/source-map-0.6.1.tgz",
			"integrity": "sha512-UjgapumWlbMhkBgzT7Ykc5YXUT46F0iKu8SGXq0bcwP5dz/h0Plj6enJqjz1Zbq2l5WaqYnrVbwWOWMyF3F47g==",
			"optional": true
		},
		"static-eval": {
			"version": "2.1.0",
			"resolved": "https://registry.npmjs.org/static-eval/-/static-eval-2.1.0.tgz",
			"integrity": "sha512-agtxZ/kWSsCkI5E4QifRwsaPs0P0JmZV6dkLz6ILYfFYQGn+5plctanRN+IC8dJRiFkyXHrwEE3W9Wmx67uDbw==",
			"requires": {
				"escodegen": "^1.11.1"
			},
			"dependencies": {
				"escodegen": {
					"version": "1.14.3",
					"resolved": "https://registry.npmjs.org/escodegen/-/escodegen-1.14.3.tgz",
					"integrity": "sha512-qFcX0XJkdg+PB3xjZZG/wKSuT1PnQWx57+TVSjIMmILd2yC/6ByYElPwJnslDsuWuSAp4AwJGumarAAmJch5Kw==",
					"requires": {
						"esprima": "^4.0.1",
						"estraverse": "^4.2.0",
						"esutils": "^2.0.2",
						"optionator": "^0.8.1",
						"source-map": "~0.6.1"
					}
				},
				"esprima": {
					"version": "4.0.1",
					"resolved": "https://registry.npmjs.org/esprima/-/esprima-4.0.1.tgz",
					"integrity": "sha512-eGuFFw7Upda+g4p+QHvnW0RyTX/SVeJBDM/gCtMARO0cLuT2HcEKnTPvhjV6aGeqrCB/sbNop0Kszm0jsaWU4A=="
				}
			}
		},
		"static-module": {
			"version": "2.2.5",
			"resolved": "https://registry.npmjs.org/static-module/-/static-module-2.2.5.tgz",
			"integrity": "sha512-D8vv82E/Kpmz3TXHKG8PPsCPg+RAX6cbCOyvjM6x04qZtQ47EtJFVwRsdov3n5d6/6ynrOY9XB4JkaZwB2xoRQ==",
			"requires": {
				"concat-stream": "~1.6.0",
				"convert-source-map": "^1.5.1",
				"duplexer2": "~0.1.4",
				"escodegen": "~1.9.0",
				"falafel": "^2.1.0",
				"has": "^1.0.1",
				"magic-string": "^0.22.4",
				"merge-source-map": "1.0.4",
				"object-inspect": "~1.4.0",
				"quote-stream": "~1.0.2",
				"readable-stream": "~2.3.3",
				"shallow-copy": "~0.0.1",
				"static-eval": "^2.0.0",
				"through2": "~2.0.3"
			}
		},
		"string_decoder": {
			"version": "1.1.1",
			"resolved": "https://registry.npmjs.org/string_decoder/-/string_decoder-1.1.1.tgz",
			"integrity": "sha512-n/ShnvDi6FHbbVfviro+WojiFzv+s8MPMHBczVePfUpDJLwoLT0ht1l4YwBCbi8pJAveEEdnkHyPyTP/mzRfwg==",
			"requires": {
				"safe-buffer": "~5.1.0"
			}
		},
		"through": {
			"version": "2.3.8",
			"resolved": "https://registry.npmjs.org/through/-/through-2.3.8.tgz",
			"integrity": "sha1-DdTJ/6q8NXlgsbckEV1+Doai4fU="
		},
		"through2": {
			"version": "2.0.5",
			"resolved": "https://registry.npmjs.org/through2/-/through2-2.0.5.tgz",
			"integrity": "sha512-/mrRod8xqpA+IHSLyGCQ2s8SPHiCDEeQJSep1jqLYeEUClOFG2Qsh+4FU6G9VeqpZnGW/Su8LQGc4YKni5rYSQ==",
			"requires": {
				"readable-stream": "~2.3.6",
				"xtend": "~4.0.1"
			}
		},
		"tiny-inflate": {
			"version": "1.0.2",
			"resolved": "https://registry.npmjs.org/tiny-inflate/-/tiny-inflate-1.0.2.tgz",
			"integrity": "sha1-k9nez/yIBb1X6uQxDwt0Xptvs6c="
		},
		"tiny-lr-fork": {
			"version": "0.0.5",
			"resolved": "https://registry.npmjs.org/tiny-lr-fork/-/tiny-lr-fork-0.0.5.tgz",
			"integrity": "sha1-Hpnh4qhGm3NquX2X7vqYxx927Qo=",
			"requires": {
				"debug": "~0.7.0",
				"faye-websocket": "~0.4.3",
				"noptify": "~0.0.3",
				"qs": "~0.5.2"
			}
		},
		"type-check": {
			"version": "0.3.2",
			"resolved": "https://registry.npmjs.org/type-check/-/type-check-0.3.2.tgz",
			"integrity": "sha1-WITKtRLPHTVeP7eE8wgEsrUg23I=",
			"requires": {
				"prelude-ls": "~1.1.2"
			}
		},
		"typedarray": {
			"version": "0.0.6",
			"resolved": "https://registry.npmjs.org/typedarray/-/typedarray-0.0.6.tgz",
			"integrity": "sha1-hnrHTjhkGHsdPUfZlqeOxciDB3c="
		},
		"underscore": {
			"version": "1.7.0",
			"resolved": "https://registry.npmjs.org/underscore/-/underscore-1.7.0.tgz",
			"integrity": "sha1-a7rwh3UA02vjTsqlhODbn+8DUgk="
		},
		"underscore.string": {
			"version": "2.2.1",
			"resolved": "https://registry.npmjs.org/underscore.string/-/underscore.string-2.2.1.tgz",
			"integrity": "sha1-18D6KvXVoaZ/QlPa7pgTLnM/Dxk="
		},
		"unicode-properties": {
			"version": "1.1.0",
			"resolved": "https://registry.npmjs.org/unicode-properties/-/unicode-properties-1.1.0.tgz",
			"integrity": "sha1-epbu9J91aC6mnSMV7smsQ//fAME=",
			"requires": {
				"brfs": "^1.4.0",
				"unicode-trie": "^0.3.0"
			}
		},
		"unicode-trie": {
			"version": "0.3.1",
			"resolved": "https://registry.npmjs.org/unicode-trie/-/unicode-trie-0.3.1.tgz",
			"integrity": "sha1-1nHd3YkQGgi6w3tqUWEBBgIFIIU=",
			"requires": {
				"pako": "^0.2.5",
				"tiny-inflate": "^1.0.0"
			},
			"dependencies": {
				"pako": {
					"version": "0.2.9",
					"resolved": "https://registry.npmjs.org/pako/-/pako-0.2.9.tgz",
					"integrity": "sha1-8/dSL073gjSNqBYbrZ7P1Rv4OnU="
				}
			}
		},
		"util-deprecate": {
			"version": "1.0.2",
			"resolved": "https://registry.npmjs.org/util-deprecate/-/util-deprecate-1.0.2.tgz",
			"integrity": "sha1-RQ1Nyfpw3nMnYvvS1KKJgUGaDM8="
		},
		"vlq": {
			"version": "0.2.3",
			"resolved": "https://registry.npmjs.org/vlq/-/vlq-0.2.3.tgz",
			"integrity": "sha512-DRibZL6DsNhIgYQ+wNdWDL2SL3bKPlVrRiBqV5yuMm++op8W4kGFtaQfCs4KEJn0wBZcHVHJ3eoywX8983k1ow=="
		},
		"which": {
			"version": "1.0.9",
			"resolved": "https://registry.npmjs.org/which/-/which-1.0.9.tgz",
			"integrity": "sha1-RgwdoPgQED0DIam2M6+eV15kSG8="
		},
		"wordwrap": {
			"version": "1.0.0",
			"resolved": "https://registry.npmjs.org/wordwrap/-/wordwrap-1.0.0.tgz",
			"integrity": "sha1-J1hIEIkUVqQXHI0CJkQa3pDLyus="
		},
		"xtend": {
			"version": "4.0.1",
			"resolved": "https://registry.npmjs.org/xtend/-/xtend-4.0.1.tgz",
			"integrity": "sha1-pcbVMr5lbiPbgg77lDofBJmNY68="
		}
	}
}
